
Microsoft Visual Studio Solution File, Format Version 12.00
# Visual Studio Version 17
VisualStudioVersion = 17.14.36414.22 d17.14
MinimumVisualStudioVersion = 10.0.40219.1
Project("{FAE04EC0-301F-11D3-BF4B-00C04F79EFBC}") = "QSOCollector", "QSOCollector.csproj", "{8F9DF05C-1442-4F08-8619-2FADF5159A4A}"
EndProject
Global
	GlobalSection(SolutionConfigurationPlatforms) = preSolution
		Debug|Any CPU = Debug|Any CPU
		Release|Any CPU = Release|Any CPU
	EndGlobalSection
	GlobalSection(ProjectConfigurationPlatforms) = postSolution
		{8F9DF05C-1442-4F08-8619-2FADF5159A4A}.Debug|Any CPU.ActiveCfg = Debug|Any CPU
		{8F9DF05C-1442-4F08-8619-2FADF5159A4A}.Debug|Any CPU.Build.0 = Debug|Any CPU
		{8F9DF05C-1442-4F08-8619-2FADF5159A4A}.Release|Any CPU.ActiveCfg = Release|Any CPU
		{8F9DF05C-1442-4F08-8619-2FADF5159A4A}.Release|Any CPU.Build.0 = Release|Any CPU
	EndGlobalSection
	GlobalSection(SolutionProperties) = preSolution
		HideSolutionNode = FALSE
	EndGlobalSection
	GlobalSection(ExtensibilityGlobals) = postSolution
		SolutionGuid = {BFFD99A3-A3DE-4809-88C0-AB949A261B39}
	EndGlobalSection
EndGlobal
