
Microsoft Visual Studio Solution File, Format Version 12.00
# Visual Studio Version 17
VisualStudioVersion = 17.14.36414.22
MinimumVisualStudioVersion = 10.0.40219.1
Project("{FAE04EC0-301F-11D3-BF4B-00C04F79EFBC}") = "QSOCollector", "QSOCollector.csproj", "{8F9DF05C-1442-4F08-8619-2FADF5159A4A}"
EndProject
Project("{54435603-DBB4-11D2-8724-00A0C9A8B90C}") = "Setup-QSOCollector", "..\Setup-QSOCollector\Setup-QSOCollector.vdproj", "{BD87AAD4-2574-B227-9CF2-63272319C923}"
EndProject
Project("{FAE04EC0-301F-11D3-BF4B-00C04F79EFBC}") = "QSOCollector.Tests", "..\QSOCollector.Tests\QSOCollector.Tests.csproj", "{E6C92DD8-7E61-4DF9-AE88-15789584CAA2}"
EndProject
Global
	GlobalSection(SolutionConfigurationPlatforms) = preSolution
		Debug|Any CPU = Debug|Any CPU
		Debug|x64 = Debug|x64
		Release|Any CPU = Release|Any CPU
		Release|x64 = Release|x64
	EndGlobalSection
	GlobalSection(ProjectConfigurationPlatforms) = postSolution
		{8F9DF05C-1442-4F08-8619-2FADF5159A4A}.Debug|Any CPU.ActiveCfg = Debug|Any CPU
		{8F9DF05C-1442-4F08-8619-2FADF5159A4A}.Debug|Any CPU.Build.0 = Debug|Any CPU
		{8F9DF05C-1442-4F08-8619-2FADF5159A4A}.Debug|x64.ActiveCfg = Debug|x64
		{8F9DF05C-1442-4F08-8619-2FADF5159A4A}.Debug|x64.Build.0 = Debug|x64
		{8F9DF05C-1442-4F08-8619-2FADF5159A4A}.Release|Any CPU.ActiveCfg = Release|Any CPU
		{8F9DF05C-1442-4F08-8619-2FADF5159A4A}.Release|Any CPU.Build.0 = Release|Any CPU
		{8F9DF05C-1442-4F08-8619-2FADF5159A4A}.Release|x64.ActiveCfg = Release|x64
		{8F9DF05C-1442-4F08-8619-2FADF5159A4A}.Release|x64.Build.0 = Release|x64
		{BD87AAD4-2574-B227-9CF2-63272319C923}.Debug|Any CPU.ActiveCfg = Debug
		{BD87AAD4-2574-B227-9CF2-63272319C923}.Debug|x64.ActiveCfg = Debug
		{BD87AAD4-2574-B227-9CF2-63272319C923}.Debug|x64.Build.0 = Debug
		{BD87AAD4-2574-B227-9CF2-63272319C923}.Release|Any CPU.ActiveCfg = Release
		{BD87AAD4-2574-B227-9CF2-63272319C923}.Release|Any CPU.Build.0 = Release
		{BD87AAD4-2574-B227-9CF2-63272319C923}.Release|x64.ActiveCfg = Release
		{E6C92DD8-7E61-4DF9-AE88-15789584CAA2}.Debug|Any CPU.ActiveCfg = Debug|Any CPU
		{E6C92DD8-7E61-4DF9-AE88-15789584CAA2}.Debug|Any CPU.Build.0 = Debug|Any CPU
		{E6C92DD8-7E61-4DF9-AE88-15789584CAA2}.Debug|x64.ActiveCfg = Debug|Any CPU
		{E6C92DD8-7E61-4DF9-AE88-15789584CAA2}.Debug|x64.Build.0 = Debug|Any CPU
		{E6C92DD8-7E61-4DF9-AE88-15789584CAA2}.Release|Any CPU.ActiveCfg = Release|Any CPU
		{E6C92DD8-7E61-4DF9-AE88-15789584CAA2}.Release|Any CPU.Build.0 = Release|Any CPU
		{E6C92DD8-7E61-4DF9-AE88-15789584CAA2}.Release|x64.ActiveCfg = Release|Any CPU
		{E6C92DD8-7E61-4DF9-AE88-15789584CAA2}.Release|x64.Build.0 = Release|Any CPU
	EndGlobalSection
	GlobalSection(SolutionProperties) = preSolution
		HideSolutionNode = FALSE
	EndGlobalSection
	GlobalSection(ExtensibilityGlobals) = postSolution
		SolutionGuid = {BFFD99A3-A3DE-4809-88C0-AB949A261B39}
	EndGlobalSection
EndGlobal
